// !$*UTF8*$!
{
	archiveVersion = 1;
	classes = {
	};
	objectVersion = 55;
	objects = {

/* Begin PBXBuildFile section */
		700A080928F29006009EA496 /* main.c in Sources */ = {isa = PBXBuildFile; fileRef = 700A080828F29006009EA496 /* main.c */; };
		700A081228F291A1009EA496 /* record.c in Sources */ = {isa = PBXBuildFile; fileRef = 700A081128F291A1009EA496 /* record.c */; };
		700A081528F293C7009EA496 /* id_query.c in Sources */ = {isa = PBXBuildFile; fileRef = 700A081428F293C7009EA496 /* id_query.c */; };
		700A081928F294C4009EA496 /* coord_query.c in Sources */ = {isa = PBXBuildFile; fileRef = 700A081828F294C4009EA496 /* coord_query.c */; };
/* End PBXBuildFile section */

/* Begin PBXCopyFilesBuildPhase section */
		700A080328F29006009EA496 /* CopyFiles */ = {
			isa = PBXCopyFilesBuildPhase;
			buildActionMask = 2147483647;
			dstPath = /usr/share/man/man1/;
			dstSubfolderSpec = 0;
			files = (
			);
			runOnlyForDeploymentPostprocessing = 1;
		};
/* End PBXCopyFilesBuildPhase section */

/* Begin PBXFileReference section */
		700A080528F29006009EA496 /* K-d_tree_search */ = {isa = PBXFileReference; explicitFileType = "compiled.mach-o.executable"; includeInIndex = 0; path = "K-d_tree_search"; sourceTree = BUILT_PRODUCTS_DIR; };
		700A080828F29006009EA496 /* main.c */ = {isa = PBXFileReference; lastKnownFileType = sourcecode.c.c; path = main.c; sourceTree = "<group>"; };
		700A080F28F2904F009EA496 /* record.h */ = {isa = PBXFileReference; lastKnownFileType = sourcecode.c.h; path = record.h; sourceTree = "<group>"; };
		700A081028F2906A009EA496 /* coord_query.h */ = {isa = PBXFileReference; lastKnownFileType = sourcecode.c.h; path = coord_query.h; sourceTree = "<group>"; };
		700A081128F291A1009EA496 /* record.c */ = {isa = PBXFileReference; lastKnownFileType = sourcecode.c.c; path = record.c; sourceTree = "<group>"; };
		700A081328F293C7009EA496 /* id_query.h */ = {isa = PBXFileReference; lastKnownFileType = sourcecode.c.h; path = id_query.h; sourceTree = "<group>"; };
		700A081428F293C7009EA496 /* id_query.c */ = {isa = PBXFileReference; lastKnownFileType = sourcecode.c.c; path = id_query.c; sourceTree = "<group>"; };
		700A081728F293F8009EA496 /* timing.h */ = {isa = PBXFileReference; lastKnownFileType = sourcecode.c.h; path = timing.h; sourceTree = "<group>"; };
		700A081828F294C4009EA496 /* coord_query.c */ = {isa = PBXFileReference; lastKnownFileType = sourcecode.c.c; path = coord_query.c; sourceTree = "<group>"; };
/* End PBXFileReference section */

/* Begin PBXFrameworksBuildPhase section */
		700A080228F29006009EA496 /* Frameworks */ = {
			isa = PBXFrameworksBuildPhase;
			buildActionMask = 2147483647;
			files = (
			);
			runOnlyForDeploymentPostprocessing = 0;
		};
/* End PBXFrameworksBuildPhase section */

/* Begin PBXGroup section */
		700A07FC28F29006009EA496 = {
			isa = PBXGroup;
			children = (
				700A080728F29006009EA496 /* K-d_tree_search */,
				700A080628F29006009EA496 /* Products */,
			);
			sourceTree = "<group>";
		};
		700A080628F29006009EA496 /* Products */ = {
			isa = PBXGroup;
			children = (
				700A080528F29006009EA496 /* K-d_tree_search */,
			);
			name = Products;
			sourceTree = "<group>";
		};
		700A080728F29006009EA496 /* K-d_tree_search */ = {
			isa = PBXGroup;
			children = (
				700A080828F29006009EA496 /* main.c */,
				700A080F28F2904F009EA496 /* record.h */,
				700A081028F2906A009EA496 /* coord_query.h */,
				700A081128F291A1009EA496 /* record.c */,
				700A081328F293C7009EA496 /* id_query.h */,
				700A081428F293C7009EA496 /* id_query.c */,
				700A081728F293F8009EA496 /* timing.h */,
				700A081828F294C4009EA496 /* coord_query.c */,
			);
			path = "K-d_tree_search";
			sourceTree = "<group>";
		};
/* End PBXGroup section */

/* Begin PBXNativeTarget section */
		700A080428F29006009EA496 /* K-d_tree_search */ = {
			isa = PBXNativeTarget;
			buildConfigurationList = 700A080C28F29006009EA496 /* Build configuration list for PBXNativeTarget "K-d_tree_search" */;
			buildPhases = (
				700A080128F29006009EA496 /* Sources */,
				700A080228F29006009EA496 /* Frameworks */,
				700A080328F29006009EA496 /* CopyFiles */,
			);
			buildRules = (
			);
			dependencies = (
			);
			name = "K-d_tree_search";
			productName = "K-d_tree_search";
			productReference = 700A080528F29006009EA496 /* K-d_tree_search */;
			productType = "com.apple.product-type.tool";
		};
/* End PBXNativeTarget section */

/* Begin PBXProject section */
		700A07FD28F29006009EA496 /* Project object */ = {
			isa = PBXProject;
			attributes = {
				BuildIndependentTargetsInParallel = 1;
				LastUpgradeCheck = 1320;
				TargetAttributes = {
					700A080428F29006009EA496 = {
						CreatedOnToolsVersion = 13.2;
					};
				};
			};
			buildConfigurationList = 700A080028F29006009EA496 /* Build configuration list for PBXProject "K-d_tree_search" */;
			compatibilityVersion = "Xcode 13.0";
			developmentRegion = en;
			hasScannedForEncodings = 0;
			knownRegions = (
				en,
				Base,
			);
			mainGroup = 700A07FC28F29006009EA496;
			productRefGroup = 700A080628F29006009EA496 /* Products */;
			projectDirPath = "";
			projectRoot = "";
			targets = (
				700A080428F29006009EA496 /* K-d_tree_search */,
			);
		};
/* End PBXProject section */

/* Begin PBXSourcesBuildPhase section */
		700A080128F29006009EA496 /* Sources */ = {
			isa = PBXSourcesBuildPhase;
			buildActionMask = 2147483647;
			files = (
				700A081528F293C7009EA496 /* id_query.c in Sources */,
				700A081228F291A1009EA496 /* record.c in Sources */,
				700A081928F294C4009EA496 /* coord_query.c in Sources */,
				700A080928F29006009EA496 /* main.c in Sources */,
			);
			runOnlyForDeploymentPostprocessing = 0;
		};
/* End PBXSourcesBuildPhase section */

/* Begin XCBuildConfiguration section */
		700A080A28F29006009EA496 /* Debug */ = {
			isa = XCBuildConfiguration;
			buildSettings = {
				ALWAYS_SEARCH_USER_PATHS = NO;
				CLANG_ANALYZER_NONNULL = YES;
				CLANG_ANALYZER_NUMBER_OBJECT_CONVERSION = YES_AGGRESSIVE;
				CLANG_CXX_LANGUAGE_STANDARD = "gnu++17";
				CLANG_CXX_LIBRARY = "libc++";
				CLANG_ENABLE_MODULES = YES;
				CLANG_ENABLE_OBJC_ARC = YES;
				CLANG_ENABLE_OBJC_WEAK = YES;
				CLANG_WARN_BLOCK_CAPTURE_AUTORELEASING = YES;
				CLANG_WARN_BOOL_CONVERSION = YES;
				CLANG_WARN_COMMA = YES;
				CLANG_WARN_CONSTANT_CONVERSION = YES;
				CLANG_WARN_DEPRECATED_OBJC_IMPLEMENTATIONS = YES;
				CLANG_WARN_DIRECT_OBJC_ISA_USAGE = YES_ERROR;
				CLANG_WARN_DOCUMENTATION_COMMENTS = YES;
				CLANG_WARN_EMPTY_BODY = YES;
				CLANG_WARN_ENUM_CONVERSION = YES;
				CLANG_WARN_INFINITE_RECURSION = YES;
				CLANG_WARN_INT_CONVERSION = YES;
				CLANG_WARN_NON_LITERAL_NULL_CONVERSION = YES;
				CLANG_WARN_OBJC_IMPLICIT_RETAIN_SELF = YES;
				CLANG_WARN_OBJC_LITERAL_CONVERSION = YES;
				CLANG_WARN_OBJC_ROOT_CLASS = YES_ERROR;
				CLANG_WARN_QUOTED_INCLUDE_IN_FRAMEWORK_HEADER = YES;
				CLANG_WARN_RANGE_LOOP_ANALYSIS = YES;
				CLANG_WARN_STRICT_PROTOTYPES = YES;
				CLANG_WARN_SUSPICIOUS_MOVE = YES;
				CLANG_WARN_UNGUARDED_AVAILABILITY = YES_AGGRESSIVE;
				CLANG_WARN_UNREACHABLE_CODE = YES;
				CLANG_WARN__DUPLICATE_METHOD_MATCH = YES;
				COPY_PHASE_STRIP = NO;
				DEBUG_INFORMATION_FORMAT = dwarf;
				ENABLE_STRICT_OBJC_MSGSEND = YES;
				ENABLE_TESTABILITY = YES;
				GCC_C_LANGUAGE_STANDARD = gnu11;
				GCC_DYNAMIC_NO_PIC = NO;
				GCC_NO_COMMON_BLOCKS = YES;
				GCC_OPTIMIZATION_LEVEL = 0;
				GCC_PREPROCESSOR_DEFINITIONS = (
					"DEBUG=1",
					"$(inherited)",
				);
				GCC_WARN_64_TO_32_BIT_CONVERSION = YES;
				GCC_WARN_ABOUT_RETURN_TYPE = YES_ERROR;
				GCC_WARN_UNDECLARED_SELECTOR = YES;
				GCC_WARN_UNINITIALIZED_AUTOS = YES_AGGRESSIVE;
				GCC_WARN_UNUSED_FUNCTION = YES;
				GCC_WARN_UNUSED_VARIABLE = YES;
				MACOSX_DEPLOYMENT_TARGET = 11.7;
				MTL_ENABLE_DEBUG_INFO = INCLUDE_SOURCE;
				MTL_FAST_MATH = YES;
				ONLY_ACTIVE_ARCH = YES;
				SDKROOT = macosx;
			};
			name = Debug;
		};
		700A080B28F29006009EA496 /* Release */ = {
			isa = XCBuildConfiguration;
			buildSettings = {
				ALWAYS_SEARCH_USER_PATHS = NO;
				CLANG_ANALYZER_NONNULL = YES;
				CLANG_ANALYZER_NUMBER_OBJECT_CONVERSION = YES_AGGRESSIVE;
				CLANG_CXX_LANGUAGE_STANDARD = "gnu++17";
				CLANG_CXX_LIBRARY = "libc++";
				CLANG_ENABLE_MODULES = YES;
				CLANG_ENABLE_OBJC_ARC = YES;
				CLANG_ENABLE_OBJC_WEAK = YES;
				CLANG_WARN_BLOCK_CAPTURE_AUTORELEASING = YES;
				CLANG_WARN_BOOL_CONVERSION = YES;
				CLANG_WARN_COMMA = YES;
				CLANG_WARN_CONSTANT_CONVERSION = YES;
				CLANG_WARN_DEPRECATED_OBJC_IMPLEMENTATIONS = YES;
				CLANG_WARN_DIRECT_OBJC_ISA_USAGE = YES_ERROR;
				CLANG_WARN_DOCUMENTATION_COMMENTS = YES;
				CLANG_WARN_EMPTY_BODY = YES;
				CLANG_WARN_ENUM_CONVERSION = YES;
				CLANG_WARN_INFINITE_RECURSION = YES;
				CLANG_WARN_INT_CONVERSION = YES;
				CLANG_WARN_NON_LITERAL_NULL_CONVERSION = YES;
				CLANG_WARN_OBJC_IMPLICIT_RETAIN_SELF = YES;
				CLANG_WARN_OBJC_LITERAL_CONVERSION = YES;
				CLANG_WARN_OBJC_ROOT_CLASS = YES_ERROR;
				CLANG_WARN_QUOTED_INCLUDE_IN_FRAMEWORK_HEADER = YES;
				CLANG_WARN_RANGE_LOOP_ANALYSIS = YES;
				CLANG_WARN_STRICT_PROTOTYPES = YES;
				CLANG_WARN_SUSPICIOUS_MOVE = YES;
				CLANG_WARN_UNGUARDED_AVAILABILITY = YES_AGGRESSIVE;
				CLANG_WARN_UNREACHABLE_CODE = YES;
				CLANG_WARN__DUPLICATE_METHOD_MATCH = YES;
				COPY_PHASE_STRIP = NO;
				DEBUG_INFORMATION_FORMAT = "dwarf-with-dsym";
				ENABLE_NS_ASSERTIONS = NO;
				ENABLE_STRICT_OBJC_MSGSEND = YES;
				GCC_C_LANGUAGE_STANDARD = gnu11;
				GCC_NO_COMMON_BLOCKS = YES;
				GCC_WARN_64_TO_32_BIT_CONVERSION = YES;
				GCC_WARN_ABOUT_RETURN_TYPE = YES_ERROR;
				GCC_WARN_UNDECLARED_SELECTOR = YES;
				GCC_WARN_UNINITIALIZED_AUTOS = YES_AGGRESSIVE;
				GCC_WARN_UNUSED_FUNCTION = YES;
				GCC_WARN_UNUSED_VARIABLE = YES;
				MACOSX_DEPLOYMENT_TARGET = 11.7;
				MTL_ENABLE_DEBUG_INFO = NO;
				MTL_FAST_MATH = YES;
				SDKROOT = macosx;
			};
			name = Release;
		};
		700A080D28F29006009EA496 /* Debug */ = {
			isa = XCBuildConfiguration;
			buildSettings = {
				CODE_SIGN_IDENTITY = "-";
				CODE_SIGN_STYLE = Automatic;
				DEVELOPMENT_TEAM = 799B3T6284;
				ENABLE_HARDENED_RUNTIME = YES;
				PRODUCT_NAME = "$(TARGET_NAME)";
			};
			name = Debug;
		};
		700A080E28F29006009EA496 /* Release */ = {
			isa = XCBuildConfiguration;
			buildSettings = {
				CODE_SIGN_IDENTITY = "-";
				CODE_SIGN_STYLE = Automatic;
				DEVELOPMENT_TEAM = 799B3T6284;
				ENABLE_HARDENED_RUNTIME = YES;
				PRODUCT_NAME = "$(TARGET_NAME)";
			};
			name = Release;
		};
/* End XCBuildConfiguration section */

/* Begin XCConfigurationList section */
		700A080028F29006009EA496 /* Build configuration list for PBXProject "K-d_tree_search" */ = {
			isa = XCConfigurationList;
			buildConfigurations = (
				700A080A28F29006009EA496 /* Debug */,
				700A080B28F29006009EA496 /* Release */,
			);
			defaultConfigurationIsVisible = 0;
			defaultConfigurationName = Release;
		};
		700A080C28F29006009EA496 /* Build configuration list for PBXNativeTarget "K-d_tree_search" */ = {
			isa = XCConfigurationList;
			buildConfigurations = (
				700A080D28F29006009EA496 /* Debug */,
				700A080E28F29006009EA496 /* Release */,
			);
			defaultConfigurationIsVisible = 0;
			defaultConfigurationName = Release;
		};
/* End XCConfigurationList section */
	};
	rootObject = 700A07FD28F29006009EA496 /* Project object */;
}
